
Microsoft Visual Studio Solution File, Format Version 12.00
# Visual Studio 15
VisualStudioVersion = 15.0.27703.2047
MinimumVisualStudioVersion = 10.0.40219.1
Project("{FAE04EC0-301F-11D3-BF4B-00C04F79EFBC}") = "EdrawWordDemo", "EdrawWordDemo\EdrawWordDemo.csproj", "{4E7E8EF2-FDBE-4AAC-92F9-C1852D3AD27E}"
EndProject
Global
	GlobalSection(SolutionConfigurationPlatforms) = preSolution
		Debug|Any CPU = Debug|Any CPU
		Release|Any CPU = Release|Any CPU
	EndGlobalSection
	GlobalSection(ProjectConfigurationPlatforms) = postSolution
		{4E7E8EF2-FDBE-4AAC-92F9-C1852D3AD27E}.Debug|Any CPU.ActiveCfg = Debug|Any CPU
		{4E7E8EF2-FDBE-4AAC-92F9-C1852D3AD27E}.Debug|Any CPU.Build.0 = Debug|Any CPU
		{4E7E8EF2-FDBE-4AAC-92F9-C1852D3AD27E}.Release|Any CPU.ActiveCfg = Release|Any CPU
		{4E7E8EF2-FDBE-4AAC-92F9-C1852D3AD27E}.Release|Any CPU.Build.0 = Release|Any CPU
	EndGlobalSection
	GlobalSection(SolutionProperties) = preSolution
		HideSolutionNode = FALSE
	EndGlobalSection
	GlobalSection(ExtensibilityGlobals) = postSolution
		SolutionGuid = {52BA3D4C-977F-4D2F-B493-3A5B96042C5F}
	EndGlobalSection
EndGlobal
